{
  "name": "bcm_package",
  "version": "1.0.0",
  "lockfileVersion": 1,
  "requires": true,
  "dependencies": {
    "@coreui/coreui": {
      "version": "3.0.0-beta.4",
      "resolved": "https://registry.npmjs.org/@coreui/coreui/-/coreui-3.0.0-beta.4.tgz",
      "integrity": "sha512-hfSw2CVLx+yLaKZxWGpcGPa8DbFAbUWO1fk+5V5ZVB9L9AWtspREh8UtPU1xTdq9KjuRowWask8q0jKBXQClSA=="
    }
  }
}
